{
  "version": 4,
  "terraform_version": "1.12.2",
  "serial": 31,
  "lineage": "6e9e88ad-1d1a-8cd4-47b0-48bca776699c",
  "outputs": {},
  "resources": [
    {
      "mode": "data",
      "type": "google_client_config",
      "name": "default",
      "provider": "provider[\"registry.terraform.io/hashicorp/google\"]",
      "instances": [
        {
          "schema_version": 0,
          "attributes": {
            "access_token": "ya29.c.c0ASRK0GYHs4Joec-JNTkqxFHaOKMB_5ToVkz7RsUQK60meqo09RtjdURKNx7E9H6ZfzEYvWH3wJdmAUIl958z3koyITYk6MaJEAE_nxIGmGOEyke-CaR14-i7JO0jIW1qg-C8U6wIuKED0CjSt6hJannQQYKRFnj9R0I2ZUjCtJgwMBzvy0C7OsRYbB23ISeb0li92rBuOMTq37YSz5CWTTqXNuaFJUdOAVAcPzOADNWXLZ6Mf1YYCOVf2W7BooaoyeW3WpZcnfssMhn-84xxuW2rglcZn6eppaJWrD21YEQI5OcN5cdq--GBhb06T_Wu90ip6E4S7_WYDDq8KDl55rG9ZGwT8tW9FwO5j3174WL8zcu2xrFZWyFMN385Dv4vvo582cfn01kOumm64tnpopypi2_ikMjjszmgrg8jmmWac_Q6bM0mJfMRgvB7qQ-dOtfs5cvag7txahWVXWroMX2Fwc7MdMne-y5F9RZSrtw7hIZXzSb5rSa68Mt7eqxF5O67-Qobr0tF-sXJmRQ2xJVvJIw08mMj8QZOprdSJrpRs1po2aQJxlgvuea7V8SWnq49y9vUMZatiSVMvlcqfkWj2uhfubvbzlR7v7kIcgdmxRJ682FatSIqbFY0vhFe71wYYMIvYh2B64Ve-0ceM24V_JpMhlOgpWV98MkRh_-daOqkZ2RVwaR6qd-6WbotWrSM-mWm1kUSd80rz-0fWf_frYsiofjhe_oUVkBQp5lhal8VFvXlk0dy_lYJU-FW8gYIlY_gvaQh5wzVqQbxpyF2osfisvFnilORO5h54fabmlkz_xjvVvsXrS8lev6w07XlpOOzdMqRudJa2ldq-djhdIiO2azvWpfcR1U7XpjYOwWZ4fdeSmmwBkzn55Qk6lYZoetZtJUq7OQv4X7JXIpRyqF7eoX2iXZIotBub5k6Waw7nn7VxcrjnYjQ-Iw6pJilnJYl9f0iuyvM4t2wl-4JJuqhx_vgldIgpr1lZQt1lQOcX1aya3B",
            "id": "projects/\"cool-evening-451217-q8\"/regions/\"us-central1\"/zones/\u003cnull\u003e",
            "project": "cool-evening-451217-q8",
            "region": "us-central1",
            "zone": null
          },
          "sensitive_attributes": [
            [
              {
                "type": "get_attr",
                "value": "access_token"
              }
            ]
          ],
          "identity_schema_version": 0
        }
      ]
    },
    {
      "mode": "data",
      "type": "google_project",
      "name": "project",
      "provider": "provider[\"registry.terraform.io/hashicorp/google\"]",
      "instances": [
        {
          "schema_version": 0,
          "attributes": {
            "auto_create_network": null,
            "billing_account": null,
            "effective_labels": {
              "generative-language": "enabled"
            },
            "folder_id": null,
            "id": "projects/cool-evening-451217-q8",
            "labels": {
              "generative-language": "enabled"
            },
            "name": "My First Project",
            "number": "490900159565",
            "org_id": null,
            "project_id": "cool-evening-451217-q8",
            "skip_delete": null,
            "terraform_labels": {
              "generative-language": "enabled"
            }
          },
          "sensitive_attributes": [],
          "identity_schema_version": 0
        }
      ]
    },
    {
      "module": "module.cloudsql_production",
      "mode": "data",
      "type": "google_compute_zones",
      "name": "available",
      "provider": "provider[\"registry.terraform.io/hashicorp/google\"]",
      "instances": []
    },
    {
      "module": "module.cloudsql_production",
      "mode": "managed",
      "type": "null_resource",
      "name": "module_depends_on",
      "provider": "provider[\"registry.terraform.io/hashicorp/null\"]",
      "instances": [
        {
          "schema_version": 0,
          "attributes": {
            "id": "4716797534270753951",
            "triggers": {
              "value": "0"
            }
          },
          "sensitive_attributes": [],
          "identity_schema_version": 0
        }
      ]
    },
    {
      "module": "module.cloudsql_production",
      "mode": "managed",
      "type": "random_id",
      "name": "suffix",
      "provider": "provider[\"registry.terraform.io/hashicorp/random\"]",
      "instances": []
    },
    {
      "module": "module.cloudsql_staging",
      "mode": "data",
      "type": "google_compute_zones",
      "name": "available",
      "provider": "provider[\"registry.terraform.io/hashicorp/google\"]",
      "instances": []
    },
    {
      "module": "module.cloudsql_staging",
      "mode": "managed",
      "type": "null_resource",
      "name": "module_depends_on",
      "provider": "provider[\"registry.terraform.io/hashicorp/null\"]",
      "instances": [
        {
          "schema_version": 0,
          "attributes": {
            "id": "6721856628107680830",
            "triggers": {
              "value": "0"
            }
          },
          "sensitive_attributes": [],
          "identity_schema_version": 0
        }
      ]
    },
    {
      "module": "module.cloudsql_staging",
      "mode": "managed",
      "type": "random_id",
      "name": "suffix",
      "provider": "provider[\"registry.terraform.io/hashicorp/random\"]",
      "instances": []
    },
    {
      "module": "module.enabled_google_apis",
      "mode": "data",
      "type": "google_compute_default_service_account",
      "name": "default",
      "provider": "provider[\"registry.terraform.io/hashicorp/google\"]",
      "instances": []
    },
    {
      "module": "module.enabled_google_apis",
      "mode": "managed",
      "type": "google_project_iam_member",
      "name": "project_service_identity_roles",
      "provider": "provider[\"registry.terraform.io/hashicorp/google\"]",
      "instances": []
    },
    {
      "module": "module.enabled_google_apis",
      "mode": "managed",
      "type": "google_project_service",
      "name": "project_services",
      "provider": "provider[\"registry.terraform.io/hashicorp/google\"]",
      "instances": [
        {
          "index_key": "anthosconfigmanagement.googleapis.com",
          "schema_version": 0,
          "attributes": {
            "disable_dependent_services": true,
            "disable_on_destroy": false,
            "id": "cool-evening-451217-q8/anthosconfigmanagement.googleapis.com",
            "project": "cool-evening-451217-q8",
            "service": "anthosconfigmanagement.googleapis.com",
            "timeouts": null
          },
          "sensitive_attributes": [],
          "identity_schema_version": 0,
          "private": "eyJlMmJmYjczMC1lY2FhLTExZTYtOGY4OC0zNDM2M2JjN2M0YzAiOnsiY3JlYXRlIjoxMjAwMDAwMDAwMDAwLCJkZWxldGUiOjEyMDAwMDAwMDAwMDAsInJlYWQiOjYwMDAwMDAwMDAwMCwidXBkYXRlIjoxMjAwMDAwMDAwMDAwfX0="
        },
        {
          "index_key": "cloudresourcemanager.googleapis.com",
          "schema_version": 0,
          "attributes": {
            "disable_dependent_services": true,
            "disable_on_destroy": false,
            "id": "cool-evening-451217-q8/cloudresourcemanager.googleapis.com",
            "project": "cool-evening-451217-q8",
            "service": "cloudresourcemanager.googleapis.com",
            "timeouts": null
          },
          "sensitive_attributes": [],
          "identity_schema_version": 0,
          "private": "eyJlMmJmYjczMC1lY2FhLTExZTYtOGY4OC0zNDM2M2JjN2M0YzAiOnsiY3JlYXRlIjoxMjAwMDAwMDAwMDAwLCJkZWxldGUiOjEyMDAwMDAwMDAwMDAsInJlYWQiOjYwMDAwMDAwMDAwMCwidXBkYXRlIjoxMjAwMDAwMDAwMDAwfX0="
        },
        {
          "index_key": "gkeconnect.googleapis.com",
          "schema_version": 0,
          "attributes": {
            "disable_dependent_services": true,
            "disable_on_destroy": false,
            "id": "cool-evening-451217-q8/gkeconnect.googleapis.com",
            "project": "cool-evening-451217-q8",
            "service": "gkeconnect.googleapis.com",
            "timeouts": null
          },
          "sensitive_attributes": [],
          "identity_schema_version": 0,
          "private": "eyJlMmJmYjczMC1lY2FhLTExZTYtOGY4OC0zNDM2M2JjN2M0YzAiOnsiY3JlYXRlIjoxMjAwMDAwMDAwMDAwLCJkZWxldGUiOjEyMDAwMDAwMDAwMDAsInJlYWQiOjYwMDAwMDAwMDAwMCwidXBkYXRlIjoxMjAwMDAwMDAwMDAwfX0="
        },
        {
          "index_key": "gkehub.googleapis.com",
          "schema_version": 0,
          "attributes": {
            "disable_dependent_services": true,
            "disable_on_destroy": false,
            "id": "cool-evening-451217-q8/gkehub.googleapis.com",
            "project": "cool-evening-451217-q8",
            "service": "gkehub.googleapis.com",
            "timeouts": null
          },
          "sensitive_attributes": [],
          "identity_schema_version": 0,
          "private": "eyJlMmJmYjczMC1lY2FhLTExZTYtOGY4OC0zNDM2M2JjN2M0YzAiOnsiY3JlYXRlIjoxMjAwMDAwMDAwMDAwLCJkZWxldGUiOjEyMDAwMDAwMDAwMDAsInJlYWQiOjYwMDAwMDAwMDAwMCwidXBkYXRlIjoxMjAwMDAwMDAwMDAwfX0="
        },
        {
          "index_key": "iam.googleapis.com",
          "schema_version": 0,
          "attributes": {
            "disable_dependent_services": true,
            "disable_on_destroy": false,
            "id": "cool-evening-451217-q8/iam.googleapis.com",
            "project": "cool-evening-451217-q8",
            "service": "iam.googleapis.com",
            "timeouts": null
          },
          "sensitive_attributes": [],
          "identity_schema_version": 0,
          "private": "eyJlMmJmYjczMC1lY2FhLTExZTYtOGY4OC0zNDM2M2JjN2M0YzAiOnsiY3JlYXRlIjoxMjAwMDAwMDAwMDAwLCJkZWxldGUiOjEyMDAwMDAwMDAwMDAsInJlYWQiOjYwMDAwMDAwMDAwMCwidXBkYXRlIjoxMjAwMDAwMDAwMDAwfX0="
        },
        {
          "index_key": "meshconfig.googleapis.com",
          "schema_version": 0,
          "attributes": {
            "disable_dependent_services": true,
            "disable_on_destroy": false,
            "id": "cool-evening-451217-q8/meshconfig.googleapis.com",
            "project": "cool-evening-451217-q8",
            "service": "meshconfig.googleapis.com",
            "timeouts": null
          },
          "sensitive_attributes": [],
          "identity_schema_version": 0,
          "private": "eyJlMmJmYjczMC1lY2FhLTExZTYtOGY4OC0zNDM2M2JjN2M0YzAiOnsiY3JlYXRlIjoxMjAwMDAwMDAwMDAwLCJkZWxldGUiOjEyMDAwMDAwMDAwMDAsInJlYWQiOjYwMDAwMDAwMDAwMCwidXBkYXRlIjoxMjAwMDAwMDAwMDAwfX0="
        },
        {
          "index_key": "meshtelemetry.googleapis.com",
          "schema_version": 0,
          "attributes": {
            "disable_dependent_services": true,
            "disable_on_destroy": false,
            "id": "cool-evening-451217-q8/meshtelemetry.googleapis.com",
            "project": "cool-evening-451217-q8",
            "service": "meshtelemetry.googleapis.com",
            "timeouts": null
          },
          "sensitive_attributes": [],
          "identity_schema_version": 0,
          "private": "eyJlMmJmYjczMC1lY2FhLTExZTYtOGY4OC0zNDM2M2JjN2M0YzAiOnsiY3JlYXRlIjoxMjAwMDAwMDAwMDAwLCJkZWxldGUiOjEyMDAwMDAwMDAwMDAsInJlYWQiOjYwMDAwMDAwMDAwMCwidXBkYXRlIjoxMjAwMDAwMDAwMDAwfX0="
        },
        {
          "index_key": "sqladmin.googleapis.com",
          "schema_version": 0,
          "attributes": {
            "disable_dependent_services": true,
            "disable_on_destroy": false,
            "id": "cool-evening-451217-q8/sqladmin.googleapis.com",
            "project": "cool-evening-451217-q8",
            "service": "sqladmin.googleapis.com",
            "timeouts": null
          },
          "sensitive_attributes": [],
          "identity_schema_version": 0,
          "private": "eyJlMmJmYjczMC1lY2FhLTExZTYtOGY4OC0zNDM2M2JjN2M0YzAiOnsiY3JlYXRlIjoxMjAwMDAwMDAwMDAwLCJkZWxldGUiOjEyMDAwMDAwMDAwMDAsInJlYWQiOjYwMDAwMDAwMDAwMCwidXBkYXRlIjoxMjAwMDAwMDAwMDAwfX0="
        }
      ]
    },
    {
      "module": "module.enabled_google_apis",
      "mode": "managed",
      "type": "google_project_service_identity",
      "name": "project_service_identities",
      "provider": "provider[\"registry.terraform.io/hashicorp/google-beta\"]",
      "instances": []
    },
    {
      "module": "module.gke-nat",
      "mode": "managed",
      "type": "random_string",
      "name": "name_suffix",
      "provider": "provider[\"registry.terraform.io/hashicorp/random\"]",
      "instances": [
        {
          "schema_version": 2,
          "attributes": {
            "id": "rzgvzd",
            "keepers": null,
            "length": 6,
            "lower": true,
            "min_lower": 0,
            "min_numeric": 0,
            "min_special": 0,
            "min_upper": 0,
            "number": true,
            "numeric": true,
            "override_special": null,
            "result": "rzgvzd",
            "special": false,
            "upper": false
          },
          "sensitive_attributes": [],
          "identity_schema_version": 0
        }
      ]
    }
  ],
  "check_results": [
    {
      "object_kind": "var",
      "config_addr": "module.cloudsql_staging.var.database_version",
      "status": "pass",
      "objects": [
        {
          "object_addr": "module.cloudsql_staging.var.database_version",
          "status": "pass"
        }
      ]
    },
    {
      "object_kind": "var",
      "config_addr": "module.cloudsql_production.var.additional_users",
      "status": "pass",
      "objects": [
        {
          "object_addr": "module.cloudsql_production.var.additional_users",
          "status": "pass"
        }
      ]
    },
    {
      "object_kind": "var",
      "config_addr": "module.gke_staging.var.shadow_firewall_rules_priority",
      "status": "unknown",
      "objects": [
        {
          "object_addr": "module.gke_staging.var.shadow_firewall_rules_priority",
          "status": "unknown"
        }
      ]
    },
    {
      "object_kind": "var",
      "config_addr": "module.cloudsql_production.var.database_version",
      "status": "pass",
      "objects": [
        {
          "object_addr": "module.cloudsql_production.var.database_version",
          "status": "pass"
        }
      ]
    },
    {
      "object_kind": "var",
      "config_addr": "module.gke_development.var.timeouts",
      "status": "unknown",
      "objects": [
        {
          "object_addr": "module.gke_development.var.timeouts",
          "status": "unknown"
        }
      ]
    },
    {
      "object_kind": "var",
      "config_addr": "module.cloudsql_staging.var.additional_users",
      "status": "pass",
      "objects": [
        {
          "object_addr": "module.cloudsql_staging.var.additional_users",
          "status": "pass"
        }
      ]
    },
    {
      "object_kind": "var",
      "config_addr": "module.gke_development.var.shadow_firewall_rules_priority",
      "status": "unknown",
      "objects": [
        {
          "object_addr": "module.gke_development.var.shadow_firewall_rules_priority",
          "status": "unknown"
        }
      ]
    },
    {
      "object_kind": "var",
      "config_addr": "module.gke_production.var.timeouts",
      "status": "unknown",
      "objects": [
        {
          "object_addr": "module.gke_production.var.timeouts",
          "status": "unknown"
        }
      ]
    },
    {
      "object_kind": "var",
      "config_addr": "module.gke_staging.var.timeouts",
      "status": "unknown",
      "objects": [
        {
          "object_addr": "module.gke_staging.var.timeouts",
          "status": "unknown"
        }
      ]
    },
    {
      "object_kind": "var",
      "config_addr": "module.gke_production.var.shadow_firewall_rules_priority",
      "status": "unknown",
      "objects": [
        {
          "object_addr": "module.gke_production.var.shadow_firewall_rules_priority",
          "status": "unknown"
        }
      ]
    }
  ]
}
